
Microsoft Visual Studio Solution File, Format Version 12.00
# Visual Studio Version 17
VisualStudioVersion = 17.9.34622.214
MinimumVisualStudioVersion = 10.0.40219.1
Project("{FAE04EC0-301F-11D3-BF4B-00C04F79EFBC}") = "prefinals_auth_ampong_jemicholouise", "prefinals_auth_ampong_jemicholouise\prefinals_auth_ampong_jemicholouise.csproj", "{E0553220-C0B5-4A6A-A452-FEF066687B31}"
EndProject
Global
	GlobalSection(SolutionConfigurationPlatforms) = preSolution
		Debug|Any CPU = Debug|Any CPU
		Release|Any CPU = Release|Any CPU
	EndGlobalSection
	GlobalSection(ProjectConfigurationPlatforms) = postSolution
		{E0553220-C0B5-4A6A-A452-FEF066687B31}.Debug|Any CPU.ActiveCfg = Debug|Any CPU
		{E0553220-C0B5-4A6A-A452-FEF066687B31}.Debug|Any CPU.Build.0 = Debug|Any CPU
		{E0553220-C0B5-4A6A-A452-FEF066687B31}.Release|Any CPU.ActiveCfg = Release|Any CPU
		{E0553220-C0B5-4A6A-A452-FEF066687B31}.Release|Any CPU.Build.0 = Release|Any CPU
	EndGlobalSection
	GlobalSection(SolutionProperties) = preSolution
		HideSolutionNode = FALSE
	EndGlobalSection
	GlobalSection(ExtensibilityGlobals) = postSolution
		SolutionGuid = {FBF9A67D-9C3A-404A-8CBF-051A01703369}
	EndGlobalSection
EndGlobal
